{
  "requires": true,
  "lockfileVersion": 1,
  "dependencies": {
    "@vvo/tzdb": {
      "version": "6.5.1",
      "resolved": "https://registry.npmjs.org/@vvo/tzdb/-/tzdb-6.5.1.tgz",
      "integrity": "sha512-KLmdjomi7n8rDISGBRowbmwmYQhfjPqF0YIcFh1Lc0RYk2/jk1WKKG3oqIRI7libZuSVcKs37AYPkYI3+cE44w==",
      "requires": {
        "luxon": "1.26.0"
      }
    },
    "luxon": {
      "version": "1.26.0",
      "resolved": "https://registry.npmjs.org/luxon/-/luxon-1.26.0.tgz",
      "integrity": "sha512-+V5QIQ5f6CDXQpWNICELwjwuHdqeJM1UenlZWx5ujcRMc9venvluCjFb4t5NYLhb6IhkbMVOxzVuOqkgMxee2A=="
    }
  }
}
